# THIS IS AN AUTOGENERATED FILE. DO NOT EDIT THIS FILE DIRECTLY.
# yarn lockfile v1


"@babel/runtime@^7.4.4":
  version "7.6.2"
  resolved "https://registry.yarnpkg.com/@babel/runtime/-/runtime-7.6.2.tgz#c3d6e41b304ef10dcf13777a33e7694ec4a9a6dd"
  integrity sha512-EXxN64agfUqqIGeEjI5dL5z0Sw0ZwWo1mLTi4mQowCZ42O59b7DRpZAnTC6OqdF28wMBMFKNb/4uFGrVaigSpg==
  dependencies:
    regenerator-runtime "^0.13.2"

"@material-ui/icons@^4.4.3":
  version "4.4.3"
  resolved "https://registry.yarnpkg.com/@material-ui/icons/-/icons-4.4.3.tgz#5d4346ddbb2673a1b57ebc78fd6d50bcd88711db"
  integrity sha512-HVVvUyc/78kmaBd93LkfWyGkXMM+zOMKzUfulWXxaV/fFAZ3N0pD0oHjWUd94zrOoF3tZP9JC7EPlIpIcZSNow==
  dependencies:
    "@babel/runtime" "^7.4.4"

commander@~1.1.1:
  version "1.1.1"
  resolved "https://registry.yarnpkg.com/commander/-/commander-1.1.1.tgz#50d1651868ae60eccff0a2d9f34595376bc6b041"
  integrity sha1-UNFlGGiuYOzP8KLZ80WVN2vGsEE=
  dependencies:
    keypress "0.1.x"

keypress@0.1.x:
  version "0.1.0"
  resolved "https://registry.yarnpkg.com/keypress/-/keypress-0.1.0.tgz#4a3188d4291b66b4f65edb99f806aa9ae293592a"
  integrity sha1-SjGI1CkbZrT2XtuZ+AaqmuKTWSo=

nan@^2.2.0:
  version "2.14.0"
  resolved "https://registry.yarnpkg.com/nan/-/nan-2.14.0.tgz#7818f722027b2459a86f0295d434d1fc2336c52c"
  integrity sha512-INOFj37C7k3AfaNTtX8RhsTw7qRy7eLET14cROi9+5HAVbbHuIWUHEauBv5qT4Av2tWasiTY1Jw6puUNqRJXQg==

regenerator-runtime@^0.13.2:
  version "0.13.3"
  resolved "https://registry.yarnpkg.com/regenerator-runtime/-/regenerator-runtime-0.13.3.tgz#7cf6a77d8f5c6f60eb73c5fc1955b2ceb01e6bf5"
  integrity sha512-naKIZz2GQ8JWh///G7L3X6LaQUAMp2lvb1rvwwsURe/VXwD6VMfr+/1NuNw3ag8v2kY1aQ/go5SNn79O9JU7yw==

rust@^0.1.6:
  version "0.1.6"
  resolved "https://registry.yarnpkg.com/rust/-/rust-0.1.6.tgz#acc4aeba7a7e31935b1c7684860fc0001da24c9c"
  integrity sha1-rMSuunp+MZNbHHaEhg/AAB2iTJw=
  dependencies:
    commander "~1.1.1"

winapi@^2.7.3:
  version "2.7.3"
  resolved "https://registry.yarnpkg.com/winapi/-/winapi-2.7.3.tgz#0a520aa916bd588d3693613ea8e26d0bdee843de"
  integrity sha512-cxN2FWkkPltx5ZQNwtiZ7t7TeVyp54p8X6DPaSQ5ZvBv8J5lvxM+zK0KCwynYRm4mLrl5rnpFBaQ+mdOavZUDg==
  dependencies:
    nan "^2.2.0"
